
Microsoft Visual Studio Solution File, Format Version 12.00
# Visual Studio 15
VisualStudioVersion = 15.0.27130.2026
MinimumVisualStudioVersion = 10.0.40219.1
Project("{FAE04EC0-301F-11D3-BF4B-00C04F79EFBC}") = "LMT Auto Messenger", "LMT Auto Messenger\LMT Auto Messenger.csproj", "{CAAA9BF0-11D5-4DE6-B63A-C5B454047494}"
EndProject
Project("{FAE04EC0-301F-11D3-BF4B-00C04F79EFBC}") = "Get ID Friends", "Get ID Friends\Get ID Friends.csproj", "{0EF8DDD3-61EB-4A79-8900-34D3159108FC}"
EndProject
Project("{FAE04EC0-301F-11D3-BF4B-00C04F79EFBC}") = "LMT Auto Messenger .Net Core", "LMT Auto Messenger .Net Core\LMT Auto Messenger .Net Core.csproj", "{345B275B-8038-48A3-BB92-1A4EDD178310}"
EndProject
Global
	GlobalSection(SolutionConfigurationPlatforms) = preSolution
		Debug|Any CPU = Debug|Any CPU
		Release|Any CPU = Release|Any CPU
	EndGlobalSection
	GlobalSection(ProjectConfigurationPlatforms) = postSolution
		{CAAA9BF0-11D5-4DE6-B63A-C5B454047494}.Debug|Any CPU.ActiveCfg = Debug|Any CPU
		{CAAA9BF0-11D5-4DE6-B63A-C5B454047494}.Debug|Any CPU.Build.0 = Debug|Any CPU
		{CAAA9BF0-11D5-4DE6-B63A-C5B454047494}.Release|Any CPU.ActiveCfg = Release|Any CPU
		{CAAA9BF0-11D5-4DE6-B63A-C5B454047494}.Release|Any CPU.Build.0 = Release|Any CPU
		{0EF8DDD3-61EB-4A79-8900-34D3159108FC}.Debug|Any CPU.ActiveCfg = Debug|Any CPU
		{0EF8DDD3-61EB-4A79-8900-34D3159108FC}.Debug|Any CPU.Build.0 = Debug|Any CPU
		{0EF8DDD3-61EB-4A79-8900-34D3159108FC}.Release|Any CPU.ActiveCfg = Release|Any CPU
		{0EF8DDD3-61EB-4A79-8900-34D3159108FC}.Release|Any CPU.Build.0 = Release|Any CPU
		{345B275B-8038-48A3-BB92-1A4EDD178310}.Debug|Any CPU.ActiveCfg = Debug|Any CPU
		{345B275B-8038-48A3-BB92-1A4EDD178310}.Debug|Any CPU.Build.0 = Debug|Any CPU
		{345B275B-8038-48A3-BB92-1A4EDD178310}.Release|Any CPU.ActiveCfg = Release|Any CPU
		{345B275B-8038-48A3-BB92-1A4EDD178310}.Release|Any CPU.Build.0 = Release|Any CPU
	EndGlobalSection
	GlobalSection(SolutionProperties) = preSolution
		HideSolutionNode = FALSE
	EndGlobalSection
	GlobalSection(ExtensibilityGlobals) = postSolution
		SolutionGuid = {5B89CEE6-F634-4AD3-A6E7-70FF0B13518E}
	EndGlobalSection
EndGlobal
